
Microsoft Visual Studio Solution File, Format Version 12.00
# Visual Studio Version 17
VisualStudioVersion = 17.9.34728.123
MinimumVisualStudioVersion = 10.0.40219.1
Project("{FAE04EC0-301F-11D3-BF4B-00C04F79EFBC}") = "Baklashka_Toxi", "Baklashka_Toxi\Baklashka_Toxi.csproj", "{6AC502CA-C096-4534-A7B9-D231315CED2D}"
EndProject
Global
	GlobalSection(SolutionConfigurationPlatforms) = preSolution
		Debug|Any CPU = Debug|Any CPU
		Release|Any CPU = Release|Any CPU
	EndGlobalSection
	GlobalSection(ProjectConfigurationPlatforms) = postSolution
		{6AC502CA-C096-4534-A7B9-D231315CED2D}.Debug|Any CPU.ActiveCfg = Debug|Any CPU
		{6AC502CA-C096-4534-A7B9-D231315CED2D}.Debug|Any CPU.Build.0 = Debug|Any CPU
		{6AC502CA-C096-4534-A7B9-D231315CED2D}.Release|Any CPU.ActiveCfg = Release|Any CPU
		{6AC502CA-C096-4534-A7B9-D231315CED2D}.Release|Any CPU.Build.0 = Release|Any CPU
	EndGlobalSection
	GlobalSection(SolutionProperties) = preSolution
		HideSolutionNode = FALSE
	EndGlobalSection
	GlobalSection(ExtensibilityGlobals) = postSolution
		SolutionGuid = {9D0B616E-C754-472F-BE96-05713C62CBC1}
	EndGlobalSection
EndGlobal
